
Microsoft Visual Studio Solution File, Format Version 12.00
# Visual Studio Version 16
VisualStudioVersion = 16.0.31424.327
MinimumVisualStudioVersion = 10.0.40219.1
Project("{888888A0-9F3D-457C-B088-3A5042F75D52}") = "BinarySearchTreePython", "BinarySearchTreePython.pyproj", "{B753F033-87A8-4694-8B61-D786194E0455}"
EndProject
Global
	GlobalSection(SolutionConfigurationPlatforms) = preSolution
		Debug|Any CPU = Debug|Any CPU
		Release|Any CPU = Release|Any CPU
	EndGlobalSection
	GlobalSection(ProjectConfigurationPlatforms) = postSolution
		{B753F033-87A8-4694-8B61-D786194E0455}.Debug|Any CPU.ActiveCfg = Debug|Any CPU
		{B753F033-87A8-4694-8B61-D786194E0455}.Release|Any CPU.ActiveCfg = Release|Any CPU
	EndGlobalSection
	GlobalSection(SolutionProperties) = preSolution
		HideSolutionNode = FALSE
	EndGlobalSection
	GlobalSection(ExtensibilityGlobals) = postSolution
		SolutionGuid = {87388035-939E-438B-8670-0731D5C46F4B}
	EndGlobalSection
EndGlobal
